speakeasyVersion: 1.796.4
sources:
    TextQL API:
        sourceNamespace: textql-api
        sourceRevisionDigest: sha256:2d79cb9ddbad44b40757627bcd9d99f92b7a95506e8bd25a0fb9c120dd44ca00
        sourceBlobDigest: sha256:df5c1e391d6bbeadd446952cb361390c272fbe89497d3823bf8c44b206c16063
        tags:
            - latest
            - 1.0.0
targets:
    textql:
        source: TextQL API
        sourceNamespace: textql-api
        sourceRevisionDigest: sha256:2d79cb9ddbad44b40757627bcd9d99f92b7a95506e8bd25a0fb9c120dd44ca00
        sourceBlobDigest: sha256:df5c1e391d6bbeadd446952cb361390c272fbe89497d3823bf8c44b206c16063
        codeSamplesNamespace: textql-api-typescript-code-samples
        codeSamplesRevisionDigest: sha256:b0fc48e4ae4319f1bc8bce368c969937dfb6eeddaa455104f986e351ddf5f813
workflow:
    workflowVersion: 1.0.0
    speakeasyVersion: latest
    sources:
        TextQL API:
            inputs:
                - location: registry.speakeasyapi.dev/textql/home/textql-api
            overlays:
                - location: .speakeasy/speakeasy-modifications-overlay.yaml
            output: .speakeasy/out.openapi.yaml
            registry:
                location: registry.speakeasyapi.dev/textql/home/textql-api
    targets:
        textql:
            target: typescript
            source: TextQL API
            publish:
                npm:
                    token: ""
            codeSamples:
                registry:
                    location: registry.speakeasyapi.dev/textql/home/textql-api-typescript-code-samples
                labelOverride:
                    fixedValue: TypeScript (SDK)
                blocking: true
