speakeasyVersion: 1.791.0
sources:
    TextQL API:
        sourceNamespace: textql-api
        sourceRevisionDigest: sha256:b33a0a3c55d241fb87d41e83c2a3b937da780a0cfa612c550a6840214c04520f
        sourceBlobDigest: sha256:2f38bb00207d06d9a72a3e202941fae2c5e832ce5d4c00c9dfdee42fb0bea02a
        tags:
            - latest
            - 1.0.0
targets:
    textql:
        source: TextQL API
        sourceNamespace: textql-api
        sourceRevisionDigest: sha256:b33a0a3c55d241fb87d41e83c2a3b937da780a0cfa612c550a6840214c04520f
        sourceBlobDigest: sha256:2f38bb00207d06d9a72a3e202941fae2c5e832ce5d4c00c9dfdee42fb0bea02a
        codeSamplesNamespace: textql-api-typescript-code-samples
        codeSamplesRevisionDigest: sha256:ded06bae5f9a69b697aeb7caa59e7128950cefb7ae6b37eee8bb6313548ef171
workflow:
    workflowVersion: 1.0.0
    speakeasyVersion: latest
    sources:
        TextQL API:
            inputs:
                - location: registry.speakeasyapi.dev/textql/home/textql-api
            overlays:
                - location: .speakeasy/speakeasy-modifications-overlay.yaml
            output: .speakeasy/out.openapi.yaml
            registry:
                location: registry.speakeasyapi.dev/textql/home/textql-api
    targets:
        textql:
            target: typescript
            source: TextQL API
            publish:
                npm:
                    token: ""
            codeSamples:
                registry:
                    location: registry.speakeasyapi.dev/textql/home/textql-api-typescript-code-samples
                labelOverride:
                    fixedValue: TypeScript (SDK)
                blocking: true
